
Microsoft Visual Studio Solution File, Format Version 12.00
# Visual Studio Version 17
VisualStudioVersion = 17.3.32922.545
MinimumVisualStudioVersion = 10.0.40219.1
Project("{FAE04EC0-301F-11D3-BF4B-00C04F79EFBC}") = "TeacherTranslate", "TeacherTranslate\TeacherTranslate.csproj", "{FEF5654E-EFFD-4A59-926D-5B6CA010886D}"
EndProject
Global
	GlobalSection(SolutionConfigurationPlatforms) = preSolution
		Debug|Any CPU = Debug|Any CPU
		Release|Any CPU = Release|Any CPU
	EndGlobalSection
	GlobalSection(ProjectConfigurationPlatforms) = postSolution
		{FEF5654E-EFFD-4A59-926D-5B6CA010886D}.Debug|Any CPU.ActiveCfg = Debug|Any CPU
		{FEF5654E-EFFD-4A59-926D-5B6CA010886D}.Debug|Any CPU.Build.0 = Debug|Any CPU
		{FEF5654E-EFFD-4A59-926D-5B6CA010886D}.Release|Any CPU.ActiveCfg = Release|Any CPU
		{FEF5654E-EFFD-4A59-926D-5B6CA010886D}.Release|Any CPU.Build.0 = Release|Any CPU
	EndGlobalSection
	GlobalSection(SolutionProperties) = preSolution
		HideSolutionNode = FALSE
	EndGlobalSection
	GlobalSection(ExtensibilityGlobals) = postSolution
		SolutionGuid = {DE09FBFC-0617-466B-AC16-A473918EAA56}
	EndGlobalSection
EndGlobal
